// !$*UTF8*$!
{
	archiveVersion = 1;
	classes = {
	};
	objectVersion = 56;
	objects = {

/* Begin PBXBuildFile section */
		8E41940C2993FEE600D41C05 /* AppDelegate.swift in Sources */ = {isa = PBXBuildFile; fileRef = 8E41940B2993FEE600D41C05 /* AppDelegate.swift */; };
		8E41940E2993FEE600D41C05 /* SceneDelegate.swift in Sources */ = {isa = PBXBuildFile; fileRef = 8E41940D2993FEE600D41C05 /* SceneDelegate.swift */; };
		8E4194102993FEE600D41C05 /* ImagesViewController.swift in Sources */ = {isa = PBXBuildFile; fileRef = 8E41940F2993FEE600D41C05 /* ImagesViewController.swift */; };
		8E4194132993FEE600D41C05 /* Main.storyboard in Resources */ = {isa = PBXBuildFile; fileRef = 8E4194112993FEE600D41C05 /* Main.storyboard */; };
		8E4194152993FEE700D41C05 /* Assets.xcassets in Resources */ = {isa = PBXBuildFile; fileRef = 8E4194142993FEE700D41C05 /* Assets.xcassets */; };
		8E4194182993FEE700D41C05 /* LaunchScreen.storyboard in Resources */ = {isa = PBXBuildFile; fileRef = 8E4194162993FEE700D41C05 /* LaunchScreen.storyboard */; };
		8E4194202993FF4F00D41C05 /* NetworkManager.swift in Sources */ = {isa = PBXBuildFile; fileRef = 8E41941F2993FF4F00D41C05 /* NetworkManager.swift */; };
		8E41942429940F3300D41C05 /* Constants.swift in Sources */ = {isa = PBXBuildFile; fileRef = 8E41942329940F3300D41C05 /* Constants.swift */; };
		8E41944F2994358100D41C05 /* ThumbnailModel.swift in Sources */ = {isa = PBXBuildFile; fileRef = 8E41944E2994358100D41C05 /* ThumbnailModel.swift */; };
		8E4194512994368B00D41C05 /* ThumbnailViewModel.swift in Sources */ = {isa = PBXBuildFile; fileRef = 8E4194502994368B00D41C05 /* ThumbnailViewModel.swift */; };
		8EC61CB12997D25F001DCA86 /* ImageProvider.swift in Sources */ = {isa = PBXBuildFile; fileRef = 8EC61CB02997D25F001DCA86 /* ImageProvider.swift */; };
		8EC61CB3299811D3001DCA86 /* HomeViewController.swift in Sources */ = {isa = PBXBuildFile; fileRef = 8EC61CB2299811D3001DCA86 /* HomeViewController.swift */; };
/* End PBXBuildFile section */

/* Begin PBXFileReference section */
		8E4194082993FEE600D41C05 /* NSCacheDemo.app */ = {isa = PBXFileReference; explicitFileType = wrapper.application; includeInIndex = 0; path = NSCacheDemo.app; sourceTree = BUILT_PRODUCTS_DIR; };
		8E41940B2993FEE600D41C05 /* AppDelegate.swift */ = {isa = PBXFileReference; lastKnownFileType = sourcecode.swift; path = AppDelegate.swift; sourceTree = "<group>"; };
		8E41940D2993FEE600D41C05 /* SceneDelegate.swift */ = {isa = PBXFileReference; lastKnownFileType = sourcecode.swift; path = SceneDelegate.swift; sourceTree = "<group>"; };
		8E41940F2993FEE600D41C05 /* ImagesViewController.swift */ = {isa = PBXFileReference; lastKnownFileType = sourcecode.swift; path = ImagesViewController.swift; sourceTree = "<group>"; };
		8E4194122993FEE600D41C05 /* Base */ = {isa = PBXFileReference; lastKnownFileType = file.storyboard; name = Base; path = Base.lproj/Main.storyboard; sourceTree = "<group>"; };
		8E4194142993FEE700D41C05 /* Assets.xcassets */ = {isa = PBXFileReference; lastKnownFileType = folder.assetcatalog; path = Assets.xcassets; sourceTree = "<group>"; };
		8E4194172993FEE700D41C05 /* Base */ = {isa = PBXFileReference; lastKnownFileType = file.storyboard; name = Base; path = Base.lproj/LaunchScreen.storyboard; sourceTree = "<group>"; };
		8E4194192993FEE700D41C05 /* Info.plist */ = {isa = PBXFileReference; lastKnownFileType = text.plist.xml; path = Info.plist; sourceTree = "<group>"; };
		8E41941F2993FF4F00D41C05 /* NetworkManager.swift */ = {isa = PBXFileReference; lastKnownFileType = sourcecode.swift; path = NetworkManager.swift; sourceTree = "<group>"; };
		8E41942329940F3300D41C05 /* Constants.swift */ = {isa = PBXFileReference; lastKnownFileType = sourcecode.swift; path = Constants.swift; sourceTree = "<group>"; };
		8E41944E2994358100D41C05 /* ThumbnailModel.swift */ = {isa = PBXFileReference; lastKnownFileType = sourcecode.swift; path = ThumbnailModel.swift; sourceTree = "<group>"; };
		8E4194502994368B00D41C05 /* ThumbnailViewModel.swift */ = {isa = PBXFileReference; lastKnownFileType = sourcecode.swift; path = ThumbnailViewModel.swift; sourceTree = "<group>"; };
		8EC61CB02997D25F001DCA86 /* ImageProvider.swift */ = {isa = PBXFileReference; lastKnownFileType = sourcecode.swift; path = ImageProvider.swift; sourceTree = "<group>"; };
		8EC61CB2299811D3001DCA86 /* HomeViewController.swift */ = {isa = PBXFileReference; lastKnownFileType = sourcecode.swift; path = HomeViewController.swift; sourceTree = "<group>"; };
/* End PBXFileReference section */

/* Begin PBXFrameworksBuildPhase section */
		8E4194052993FEE600D41C05 /* Frameworks */ = {
			isa = PBXFrameworksBuildPhase;
			buildActionMask = 2147483647;
			files = (
			);
			runOnlyForDeploymentPostprocessing = 0;
		};
/* End PBXFrameworksBuildPhase section */

/* Begin PBXGroup section */
		8E4193FF2993FEE600D41C05 = {
			isa = PBXGroup;
			children = (
				8E41940A2993FEE600D41C05 /* NSCacheDemo */,
				8E4194092993FEE600D41C05 /* Products */,
			);
			sourceTree = "<group>";
		};
		8E4194092993FEE600D41C05 /* Products */ = {
			isa = PBXGroup;
			children = (
				8E4194082993FEE600D41C05 /* NSCacheDemo.app */,
			);
			name = Products;
			sourceTree = "<group>";
		};
		8E41940A2993FEE600D41C05 /* NSCacheDemo */ = {
			isa = PBXGroup;
			children = (
				8E41942A29942CB800D41C05 /* Delegates */,
				8E41942929942C9200D41C05 /* Constants */,
				8E41942529942C5100D41C05 /* View Controller */,
				8E41942629942C5A00D41C05 /* API Handler */,
				8E41942729942C6A00D41C05 /* Model */,
				8E41942D29942D2100D41C05 /* View Model */,
				8E41942829942C7A00D41C05 /* Storyboard */,
				8E4194142993FEE700D41C05 /* Assets.xcassets */,
				8E4194192993FEE700D41C05 /* Info.plist */,
			);
			path = NSCacheDemo;
			sourceTree = "<group>";
		};
		8E41942529942C5100D41C05 /* View Controller */ = {
			isa = PBXGroup;
			children = (
				8EC61CB2299811D3001DCA86 /* HomeViewController.swift */,
				8E41940F2993FEE600D41C05 /* ImagesViewController.swift */,
			);
			path = "View Controller";
			sourceTree = "<group>";
		};
		8E41942629942C5A00D41C05 /* API Handler */ = {
			isa = PBXGroup;
			children = (
				8E41941F2993FF4F00D41C05 /* NetworkManager.swift */,
				8EC61CB02997D25F001DCA86 /* ImageProvider.swift */,
			);
			path = "API Handler";
			sourceTree = "<group>";
		};
		8E41942729942C6A00D41C05 /* Model */ = {
			isa = PBXGroup;
			children = (
				8E41944E2994358100D41C05 /* ThumbnailModel.swift */,
			);
			path = Model;
			sourceTree = "<group>";
		};
		8E41942829942C7A00D41C05 /* Storyboard */ = {
			isa = PBXGroup;
			children = (
				8E4194112993FEE600D41C05 /* Main.storyboard */,
				8E4194162993FEE700D41C05 /* LaunchScreen.storyboard */,
			);
			path = Storyboard;
			sourceTree = "<group>";
		};
		8E41942929942C9200D41C05 /* Constants */ = {
			isa = PBXGroup;
			children = (
				8E41942329940F3300D41C05 /* Constants.swift */,
			);
			path = Constants;
			sourceTree = "<group>";
		};
		8E41942A29942CB800D41C05 /* Delegates */ = {
			isa = PBXGroup;
			children = (
				8E41940B2993FEE600D41C05 /* AppDelegate.swift */,
				8E41940D2993FEE600D41C05 /* SceneDelegate.swift */,
			);
			path = Delegates;
			sourceTree = "<group>";
		};
		8E41942D29942D2100D41C05 /* View Model */ = {
			isa = PBXGroup;
			children = (
				8E4194502994368B00D41C05 /* ThumbnailViewModel.swift */,
			);
			path = "View Model";
			sourceTree = "<group>";
		};
/* End PBXGroup section */

/* Begin PBXNativeTarget section */
		8E4194072993FEE600D41C05 /* NSCacheDemo */ = {
			isa = PBXNativeTarget;
			buildConfigurationList = 8E41941C2993FEE700D41C05 /* Build configuration list for PBXNativeTarget "NSCacheDemo" */;
			buildPhases = (
				8E4194042993FEE600D41C05 /* Sources */,
				8E4194052993FEE600D41C05 /* Frameworks */,
				8E4194062993FEE600D41C05 /* Resources */,
			);
			buildRules = (
			);
			dependencies = (
			);
			name = NSCacheDemo;
			productName = JsonDataExample;
			productReference = 8E4194082993FEE600D41C05 /* NSCacheDemo.app */;
			productType = "com.apple.product-type.application";
		};
/* End PBXNativeTarget section */

/* Begin PBXProject section */
		8E4194002993FEE600D41C05 /* Project object */ = {
			isa = PBXProject;
			attributes = {
				BuildIndependentTargetsInParallel = 1;
				LastSwiftUpdateCheck = 1420;
				LastUpgradeCheck = 1420;
				TargetAttributes = {
					8E4194072993FEE600D41C05 = {
						CreatedOnToolsVersion = 14.2;
					};
				};
			};
			buildConfigurationList = 8E4194032993FEE600D41C05 /* Build configuration list for PBXProject "NSCacheDemo" */;
			compatibilityVersion = "Xcode 14.0";
			developmentRegion = en;
			hasScannedForEncodings = 0;
			knownRegions = (
				en,
				Base,
			);
			mainGroup = 8E4193FF2993FEE600D41C05;
			productRefGroup = 8E4194092993FEE600D41C05 /* Products */;
			projectDirPath = "";
			projectRoot = "";
			targets = (
				8E4194072993FEE600D41C05 /* NSCacheDemo */,
			);
		};
/* End PBXProject section */

/* Begin PBXResourcesBuildPhase section */
		8E4194062993FEE600D41C05 /* Resources */ = {
			isa = PBXResourcesBuildPhase;
			buildActionMask = 2147483647;
			files = (
				8E4194182993FEE700D41C05 /* LaunchScreen.storyboard in Resources */,
				8E4194152993FEE700D41C05 /* Assets.xcassets in Resources */,
				8E4194132993FEE600D41C05 /* Main.storyboard in Resources */,
			);
			runOnlyForDeploymentPostprocessing = 0;
		};
/* End PBXResourcesBuildPhase section */

/* Begin PBXSourcesBuildPhase section */
		8E4194042993FEE600D41C05 /* Sources */ = {
			isa = PBXSourcesBuildPhase;
			buildActionMask = 2147483647;
			files = (
				8E4194202993FF4F00D41C05 /* NetworkManager.swift in Sources */,
				8E41944F2994358100D41C05 /* ThumbnailModel.swift in Sources */,
				8E4194102993FEE600D41C05 /* ImagesViewController.swift in Sources */,
				8E41940C2993FEE600D41C05 /* AppDelegate.swift in Sources */,
				8EC61CB12997D25F001DCA86 /* ImageProvider.swift in Sources */,
				8EC61CB3299811D3001DCA86 /* HomeViewController.swift in Sources */,
				8E41940E2993FEE600D41C05 /* SceneDelegate.swift in Sources */,
				8E4194512994368B00D41C05 /* ThumbnailViewModel.swift in Sources */,
				8E41942429940F3300D41C05 /* Constants.swift in Sources */,
			);
			runOnlyForDeploymentPostprocessing = 0;
		};
/* End PBXSourcesBuildPhase section */

/* Begin PBXVariantGroup section */
		8E4194112993FEE600D41C05 /* Main.storyboard */ = {
			isa = PBXVariantGroup;
			children = (
				8E4194122993FEE600D41C05 /* Base */,
			);
			name = Main.storyboard;
			sourceTree = "<group>";
		};
		8E4194162993FEE700D41C05 /* LaunchScreen.storyboard */ = {
			isa = PBXVariantGroup;
			children = (
				8E4194172993FEE700D41C05 /* Base */,
			);
			name = LaunchScreen.storyboard;
			sourceTree = "<group>";
		};
/* End PBXVariantGroup section */

/* Begin XCBuildConfiguration section */
		8E41941A2993FEE700D41C05 /* Debug */ = {
			isa = XCBuildConfiguration;
			buildSettings = {
				ALWAYS_SEARCH_USER_PATHS = NO;
				CLANG_ANALYZER_NONNULL = YES;
				CLANG_ANALYZER_NUMBER_OBJECT_CONVERSION = YES_AGGRESSIVE;
				CLANG_CXX_LANGUAGE_STANDARD = "gnu++20";
				CLANG_ENABLE_MODULES = YES;
				CLANG_ENABLE_OBJC_ARC = YES;
				CLANG_ENABLE_OBJC_WEAK = YES;
				CLANG_WARN_BLOCK_CAPTURE_AUTORELEASING = YES;
				CLANG_WARN_BOOL_CONVERSION = YES;
				CLANG_WARN_COMMA = YES;
				CLANG_WARN_CONSTANT_CONVERSION = YES;
				CLANG_WARN_DEPRECATED_OBJC_IMPLEMENTATIONS = YES;
				CLANG_WARN_DIRECT_OBJC_ISA_USAGE = YES_ERROR;
				CLANG_WARN_DOCUMENTATION_COMMENTS = YES;
				CLANG_WARN_EMPTY_BODY = YES;
				CLANG_WARN_ENUM_CONVERSION = YES;
				CLANG_WARN_INFINITE_RECURSION = YES;
				CLANG_WARN_INT_CONVERSION = YES;
				CLANG_WARN_NON_LITERAL_NULL_CONVERSION = YES;
				CLANG_WARN_OBJC_IMPLICIT_RETAIN_SELF = YES;
				CLANG_WARN_OBJC_LITERAL_CONVERSION = YES;
				CLANG_WARN_OBJC_ROOT_CLASS = YES_ERROR;
				CLANG_WARN_QUOTED_INCLUDE_IN_FRAMEWORK_HEADER = YES;
				CLANG_WARN_RANGE_LOOP_ANALYSIS = YES;
				CLANG_WARN_STRICT_PROTOTYPES = YES;
				CLANG_WARN_SUSPICIOUS_MOVE = YES;
				CLANG_WARN_UNGUARDED_AVAILABILITY = YES_AGGRESSIVE;
				CLANG_WARN_UNREACHABLE_CODE = YES;
				CLANG_WARN__DUPLICATE_METHOD_MATCH = YES;
				COPY_PHASE_STRIP = NO;
				DEBUG_INFORMATION_FORMAT = dwarf;
				ENABLE_STRICT_OBJC_MSGSEND = YES;
				ENABLE_TESTABILITY = YES;
				GCC_C_LANGUAGE_STANDARD = gnu11;
				GCC_DYNAMIC_NO_PIC = NO;
				GCC_NO_COMMON_BLOCKS = YES;
				GCC_OPTIMIZATION_LEVEL = 0;
				GCC_PREPROCESSOR_DEFINITIONS = (
					"DEBUG=1",
					"$(inherited)",
				);
				GCC_WARN_64_TO_32_BIT_CONVERSION = YES;
				GCC_WARN_ABOUT_RETURN_TYPE = YES_ERROR;
				GCC_WARN_UNDECLARED_SELECTOR = YES;
				GCC_WARN_UNINITIALIZED_AUTOS = YES_AGGRESSIVE;
				GCC_WARN_UNUSED_FUNCTION = YES;
				GCC_WARN_UNUSED_VARIABLE = YES;
				IPHONEOS_DEPLOYMENT_TARGET = 16.2;
				MTL_ENABLE_DEBUG_INFO = INCLUDE_SOURCE;
				MTL_FAST_MATH = YES;
				ONLY_ACTIVE_ARCH = YES;
				SDKROOT = iphoneos;
				SWIFT_ACTIVE_COMPILATION_CONDITIONS = DEBUG;
				SWIFT_OPTIMIZATION_LEVEL = "-Onone";
			};
			name = Debug;
		};
		8E41941B2993FEE700D41C05 /* Release */ = {
			isa = XCBuildConfiguration;
			buildSettings = {
				ALWAYS_SEARCH_USER_PATHS = NO;
				CLANG_ANALYZER_NONNULL = YES;
				CLANG_ANALYZER_NUMBER_OBJECT_CONVERSION = YES_AGGRESSIVE;
				CLANG_CXX_LANGUAGE_STANDARD = "gnu++20";
				CLANG_ENABLE_MODULES = YES;
				CLANG_ENABLE_OBJC_ARC = YES;
				CLANG_ENABLE_OBJC_WEAK = YES;
				CLANG_WARN_BLOCK_CAPTURE_AUTORELEASING = YES;
				CLANG_WARN_BOOL_CONVERSION = YES;
				CLANG_WARN_COMMA = YES;
				CLANG_WARN_CONSTANT_CONVERSION = YES;
				CLANG_WARN_DEPRECATED_OBJC_IMPLEMENTATIONS = YES;
				CLANG_WARN_DIRECT_OBJC_ISA_USAGE = YES_ERROR;
				CLANG_WARN_DOCUMENTATION_COMMENTS = YES;
				CLANG_WARN_EMPTY_BODY = YES;
				CLANG_WARN_ENUM_CONVERSION = YES;
				CLANG_WARN_INFINITE_RECURSION = YES;
				CLANG_WARN_INT_CONVERSION = YES;
				CLANG_WARN_NON_LITERAL_NULL_CONVERSION = YES;
				CLANG_WARN_OBJC_IMPLICIT_RETAIN_SELF = YES;
				CLANG_WARN_OBJC_LITERAL_CONVERSION = YES;
				CLANG_WARN_OBJC_ROOT_CLASS = YES_ERROR;
				CLANG_WARN_QUOTED_INCLUDE_IN_FRAMEWORK_HEADER = YES;
				CLANG_WARN_RANGE_LOOP_ANALYSIS = YES;
				CLANG_WARN_STRICT_PROTOTYPES = YES;
				CLANG_WARN_SUSPICIOUS_MOVE = YES;
				CLANG_WARN_UNGUARDED_AVAILABILITY = YES_AGGRESSIVE;
				CLANG_WARN_UNREACHABLE_CODE = YES;
				CLANG_WARN__DUPLICATE_METHOD_MATCH = YES;
				COPY_PHASE_STRIP = NO;
				DEBUG_INFORMATION_FORMAT = "dwarf-with-dsym";
				ENABLE_NS_ASSERTIONS = NO;
				ENABLE_STRICT_OBJC_MSGSEND = YES;
				GCC_C_LANGUAGE_STANDARD = gnu11;
				GCC_NO_COMMON_BLOCKS = YES;
				GCC_WARN_64_TO_32_BIT_CONVERSION = YES;
				GCC_WARN_ABOUT_RETURN_TYPE = YES_ERROR;
				GCC_WARN_UNDECLARED_SELECTOR = YES;
				GCC_WARN_UNINITIALIZED_AUTOS = YES_AGGRESSIVE;
				GCC_WARN_UNUSED_FUNCTION = YES;
				GCC_WARN_UNUSED_VARIABLE = YES;
				IPHONEOS_DEPLOYMENT_TARGET = 16.2;
				MTL_ENABLE_DEBUG_INFO = NO;
				MTL_FAST_MATH = YES;
				SDKROOT = iphoneos;
				SWIFT_COMPILATION_MODE = wholemodule;
				SWIFT_OPTIMIZATION_LEVEL = "-O";
				VALIDATE_PRODUCT = YES;
			};
			name = Release;
		};
		8E41941D2993FEE700D41C05 /* Debug */ = {
			isa = XCBuildConfiguration;
			buildSettings = {
				ASSETCATALOG_COMPILER_APPICON_NAME = AppIcon;
				ASSETCATALOG_COMPILER_GLOBAL_ACCENT_COLOR_NAME = AccentColor;
				CODE_SIGN_STYLE = Automatic;
				CURRENT_PROJECT_VERSION = 1;
				GENERATE_INFOPLIST_FILE = YES;
				INFOPLIST_FILE = NSCacheDemo/Info.plist;
				INFOPLIST_KEY_UIApplicationSupportsIndirectInputEvents = YES;
				INFOPLIST_KEY_UILaunchStoryboardName = LaunchScreen;
				INFOPLIST_KEY_UIMainStoryboardFile = Main;
				INFOPLIST_KEY_UISupportedInterfaceOrientations_iPad = "UIInterfaceOrientationPortrait UIInterfaceOrientationPortraitUpsideDown UIInterfaceOrientationLandscapeLeft UIInterfaceOrientationLandscapeRight";
				INFOPLIST_KEY_UISupportedInterfaceOrientations_iPhone = "UIInterfaceOrientationPortrait UIInterfaceOrientationLandscapeLeft UIInterfaceOrientationLandscapeRight";
				LD_RUNPATH_SEARCH_PATHS = (
					"$(inherited)",
					"@executable_path/Frameworks",
				);
				MARKETING_VERSION = 1.0;
				PRODUCT_BUNDLE_IDENTIFIER = com.TalorL.NSCacheDemo;
				PRODUCT_NAME = "$(TARGET_NAME)";
				SWIFT_EMIT_LOC_STRINGS = YES;
				SWIFT_VERSION = 5.0;
				TARGETED_DEVICE_FAMILY = "1,2";
			};
			name = Debug;
		};
		8E41941E2993FEE700D41C05 /* Release */ = {
			isa = XCBuildConfiguration;
			buildSettings = {
				ASSETCATALOG_COMPILER_APPICON_NAME = AppIcon;
				ASSETCATALOG_COMPILER_GLOBAL_ACCENT_COLOR_NAME = AccentColor;
				CODE_SIGN_STYLE = Automatic;
				CURRENT_PROJECT_VERSION = 1;
				GENERATE_INFOPLIST_FILE = YES;
				INFOPLIST_FILE = NSCacheDemo/Info.plist;
				INFOPLIST_KEY_UIApplicationSupportsIndirectInputEvents = YES;
				INFOPLIST_KEY_UILaunchStoryboardName = LaunchScreen;
				INFOPLIST_KEY_UIMainStoryboardFile = Main;
				INFOPLIST_KEY_UISupportedInterfaceOrientations_iPad = "UIInterfaceOrientationPortrait UIInterfaceOrientationPortraitUpsideDown UIInterfaceOrientationLandscapeLeft UIInterfaceOrientationLandscapeRight";
				INFOPLIST_KEY_UISupportedInterfaceOrientations_iPhone = "UIInterfaceOrientationPortrait UIInterfaceOrientationLandscapeLeft UIInterfaceOrientationLandscapeRight";
				LD_RUNPATH_SEARCH_PATHS = (
					"$(inherited)",
					"@executable_path/Frameworks",
				);
				MARKETING_VERSION = 1.0;
				PRODUCT_BUNDLE_IDENTIFIER = com.TalorL.NSCacheDemo;
				PRODUCT_NAME = "$(TARGET_NAME)";
				SWIFT_EMIT_LOC_STRINGS = YES;
				SWIFT_VERSION = 5.0;
				TARGETED_DEVICE_FAMILY = "1,2";
			};
			name = Release;
		};
/* End XCBuildConfiguration section */

/* Begin XCConfigurationList section */
		8E4194032993FEE600D41C05 /* Build configuration list for PBXProject "NSCacheDemo" */ = {
			isa = XCConfigurationList;
			buildConfigurations = (
				8E41941A2993FEE700D41C05 /* Debug */,
				8E41941B2993FEE700D41C05 /* Release */,
			);
			defaultConfigurationIsVisible = 0;
			defaultConfigurationName = Release;
		};
		8E41941C2993FEE700D41C05 /* Build configuration list for PBXNativeTarget "NSCacheDemo" */ = {
			isa = XCConfigurationList;
			buildConfigurations = (
				8E41941D2993FEE700D41C05 /* Debug */,
				8E41941E2993FEE700D41C05 /* Release */,
			);
			defaultConfigurationIsVisible = 0;
			defaultConfigurationName = Release;
		};
/* End XCConfigurationList section */
	};
	rootObject = 8E4194002993FEE600D41C05 /* Project object */;
}
